
Microsoft Visual Studio Solution File, Format Version 12.00
# Visual Studio Version 17
VisualStudioVersion = 17.6.33815.320
MinimumVisualStudioVersion = 10.0.40219.1
Project("{FAE04EC0-301F-11D3-BF4B-00C04F79EFBC}") = "GraphQLProject", "GraphQLProject\GraphQLProject.csproj", "{580B4686-2D71-4544-91E2-2AEB86539C86}"
EndProject
Global
	GlobalSection(SolutionConfigurationPlatforms) = preSolution
		Debug|Any CPU = Debug|Any CPU
		Release|Any CPU = Release|Any CPU
	EndGlobalSection
	GlobalSection(ProjectConfigurationPlatforms) = postSolution
		{580B4686-2D71-4544-91E2-2AEB86539C86}.Debug|Any CPU.ActiveCfg = Debug|Any CPU
		{580B4686-2D71-4544-91E2-2AEB86539C86}.Debug|Any CPU.Build.0 = Debug|Any CPU
		{580B4686-2D71-4544-91E2-2AEB86539C86}.Release|Any CPU.ActiveCfg = Release|Any CPU
		{580B4686-2D71-4544-91E2-2AEB86539C86}.Release|Any CPU.Build.0 = Release|Any CPU
	EndGlobalSection
	GlobalSection(SolutionProperties) = preSolution
		HideSolutionNode = FALSE
	EndGlobalSection
	GlobalSection(ExtensibilityGlobals) = postSolution
		SolutionGuid = {99D8C7D7-2BB1-451C-8F18-441F64647E84}
	EndGlobalSection
EndGlobal
